
Microsoft Visual Studio Solution File, Format Version 12.00
# Visual Studio Version 16
VisualStudioVersion = 16.0.29306.81
MinimumVisualStudioVersion = 10.0.40219.1
Project("{9A19103F-16F7-4668-BE54-9A1E7A4F7556}") = "VmMachineHwVersionUpdater", "VmMachineHwVersionUpdater\VmMachineHwVersionUpdater.csproj", "{0F56EDA9-CF7F-4C49-A67B-3FCD434D4902}"
EndProject
Project("{9A19103F-16F7-4668-BE54-9A1E7A4F7556}") = "VmMachineHwVersionUpdater.Core", "VmMachineHwVersionUpdater.Core\VmMachineHwVersionUpdater.Core.csproj", "{3B18918B-58B3-4E14-84B0-F37B9A1DD600}"
EndProject
Project("{9A19103F-16F7-4668-BE54-9A1E7A4F7556}") = "VmMachineHwVersionUpdater.Core.Tests", "VmMachineHwVersionUpdater.Core.Tests\VmMachineHwVersionUpdater.Core.Tests.csproj", "{7893BAF1-F4EA-41A5-819A-DFD587ED2EAD}"
EndProject
Project("{2150E333-8FDC-42A3-9474-1A3956D46DE8}") = "Solution Items", "Solution Items", "{7C119308-28E3-4D2A-B37E-C9BDB9DE6D26}"
	ProjectSection(SolutionItems) = preProject
		.gitignore = .gitignore
		global.json = global.json
		NuGet.config = NuGet.config
		README.md = README.md
	EndProjectSection
EndProject
Global
	GlobalSection(SolutionConfigurationPlatforms) = preSolution
		Debug|Any CPU = Debug|Any CPU
		Release|Any CPU = Release|Any CPU
	EndGlobalSection
	GlobalSection(ProjectConfigurationPlatforms) = postSolution
		{0F56EDA9-CF7F-4C49-A67B-3FCD434D4902}.Debug|Any CPU.ActiveCfg = Debug|Any CPU
		{0F56EDA9-CF7F-4C49-A67B-3FCD434D4902}.Debug|Any CPU.Build.0 = Debug|Any CPU
		{0F56EDA9-CF7F-4C49-A67B-3FCD434D4902}.Release|Any CPU.ActiveCfg = Release|Any CPU
		{0F56EDA9-CF7F-4C49-A67B-3FCD434D4902}.Release|Any CPU.Build.0 = Release|Any CPU
		{3B18918B-58B3-4E14-84B0-F37B9A1DD600}.Debug|Any CPU.ActiveCfg = Debug|Any CPU
		{3B18918B-58B3-4E14-84B0-F37B9A1DD600}.Debug|Any CPU.Build.0 = Debug|Any CPU
		{3B18918B-58B3-4E14-84B0-F37B9A1DD600}.Release|Any CPU.ActiveCfg = Release|Any CPU
		{3B18918B-58B3-4E14-84B0-F37B9A1DD600}.Release|Any CPU.Build.0 = Release|Any CPU
		{7893BAF1-F4EA-41A5-819A-DFD587ED2EAD}.Debug|Any CPU.ActiveCfg = Debug|Any CPU
		{7893BAF1-F4EA-41A5-819A-DFD587ED2EAD}.Debug|Any CPU.Build.0 = Debug|Any CPU
		{7893BAF1-F4EA-41A5-819A-DFD587ED2EAD}.Release|Any CPU.ActiveCfg = Release|Any CPU
		{7893BAF1-F4EA-41A5-819A-DFD587ED2EAD}.Release|Any CPU.Build.0 = Release|Any CPU
	EndGlobalSection
	GlobalSection(SolutionProperties) = preSolution
		HideSolutionNode = FALSE
	EndGlobalSection
	GlobalSection(ExtensibilityGlobals) = postSolution
		SolutionGuid = {11F4F42E-0EEC-4EDC-B38D-2BFBC588DDB0}
	EndGlobalSection
EndGlobal
